
Microsoft Visual Studio Solution File, Format Version 12.00
# Visual Studio 14
VisualStudioVersion = 14.0.24720.0
MinimumVisualStudioVersion = 10.0.40219.1
Project("{2150E333-8FDC-42A3-9474-1A3956D46DE8}") = "Solution Items", "Solution Items", "{3074548D-0E17-4A4A-B4A2-A54968C14F3E}"
	ProjectSection(SolutionItems) = preProject
		.gitignore = .gitignore
	EndProjectSection
EndProject
Project("{FAE04EC0-301F-11D3-BF4B-00C04F79EFBC}") = "01 - View", "01 - View\01 - View.csproj", "{E50C7027-459D-4574-8C06-A46A07D46B8C}"
EndProject
Project("{FAE04EC0-301F-11D3-BF4B-00C04F79EFBC}") = "02 - ViewModel", "02 - ViewModel\02 - ViewModel.csproj", "{63A254BD-0F87-4A50-B867-60C101CA7E89}"
EndProject
Project("{FAE04EC0-301F-11D3-BF4B-00C04F79EFBC}") = "03 - Model", "03 - Model\03 - Model.csproj", "{4F0CDF54-8798-4FD5-9685-35BAE9E69FBE}"
EndProject
Project("{FAE04EC0-301F-11D3-BF4B-00C04F79EFBC}") = "DataLayer", "DataLayer\DataLayer.csproj", "{D2CCCF64-3DE3-4390-9557-740DAE811172}"
EndProject
Project("{2150E333-8FDC-42A3-9474-1A3956D46DE8}") = "TestProjects", "TestProjects", "{26D7AD09-D21E-40A8-BC73-6835E9ED8AA1}"
EndProject
Project("{FAE04EC0-301F-11D3-BF4B-00C04F79EFBC}") = "02 - TestLogic", "02 - TestLogic\02 - TestLogic.csproj", "{4C0C6C61-AB7C-40D1-8CAE-FC25456327D5}"
EndProject
Project("{FAE04EC0-301F-11D3-BF4B-00C04F79EFBC}") = "03 - WinFormTest", "03 - WinFormTest\03 - WinFormTest.csproj", "{ED4A8325-EFC7-43AD-A239-D5E90F067FB4}"
EndProject
Global
	GlobalSection(SolutionConfigurationPlatforms) = preSolution
		Debug|Any CPU = Debug|Any CPU
		Release|Any CPU = Release|Any CPU
	EndGlobalSection
	GlobalSection(ProjectConfigurationPlatforms) = postSolution
		{E50C7027-459D-4574-8C06-A46A07D46B8C}.Debug|Any CPU.ActiveCfg = Debug|Any CPU
		{E50C7027-459D-4574-8C06-A46A07D46B8C}.Debug|Any CPU.Build.0 = Debug|Any CPU
		{E50C7027-459D-4574-8C06-A46A07D46B8C}.Release|Any CPU.ActiveCfg = Release|Any CPU
		{E50C7027-459D-4574-8C06-A46A07D46B8C}.Release|Any CPU.Build.0 = Release|Any CPU
		{63A254BD-0F87-4A50-B867-60C101CA7E89}.Debug|Any CPU.ActiveCfg = Debug|Any CPU
		{63A254BD-0F87-4A50-B867-60C101CA7E89}.Debug|Any CPU.Build.0 = Debug|Any CPU
		{63A254BD-0F87-4A50-B867-60C101CA7E89}.Release|Any CPU.ActiveCfg = Release|Any CPU
		{63A254BD-0F87-4A50-B867-60C101CA7E89}.Release|Any CPU.Build.0 = Release|Any CPU
		{4F0CDF54-8798-4FD5-9685-35BAE9E69FBE}.Debug|Any CPU.ActiveCfg = Debug|Any CPU
		{4F0CDF54-8798-4FD5-9685-35BAE9E69FBE}.Debug|Any CPU.Build.0 = Debug|Any CPU
		{4F0CDF54-8798-4FD5-9685-35BAE9E69FBE}.Release|Any CPU.ActiveCfg = Release|Any CPU
		{4F0CDF54-8798-4FD5-9685-35BAE9E69FBE}.Release|Any CPU.Build.0 = Release|Any CPU
		{D2CCCF64-3DE3-4390-9557-740DAE811172}.Debug|Any CPU.ActiveCfg = Debug|Any CPU
		{D2CCCF64-3DE3-4390-9557-740DAE811172}.Debug|Any CPU.Build.0 = Debug|Any CPU
		{D2CCCF64-3DE3-4390-9557-740DAE811172}.Release|Any CPU.ActiveCfg = Release|Any CPU
		{D2CCCF64-3DE3-4390-9557-740DAE811172}.Release|Any CPU.Build.0 = Release|Any CPU
		{4C0C6C61-AB7C-40D1-8CAE-FC25456327D5}.Debug|Any CPU.ActiveCfg = Debug|Any CPU
		{4C0C6C61-AB7C-40D1-8CAE-FC25456327D5}.Debug|Any CPU.Build.0 = Debug|Any CPU
		{4C0C6C61-AB7C-40D1-8CAE-FC25456327D5}.Release|Any CPU.ActiveCfg = Release|Any CPU
		{4C0C6C61-AB7C-40D1-8CAE-FC25456327D5}.Release|Any CPU.Build.0 = Release|Any CPU
		{ED4A8325-EFC7-43AD-A239-D5E90F067FB4}.Debug|Any CPU.ActiveCfg = Debug|Any CPU
		{ED4A8325-EFC7-43AD-A239-D5E90F067FB4}.Debug|Any CPU.Build.0 = Debug|Any CPU
		{ED4A8325-EFC7-43AD-A239-D5E90F067FB4}.Release|Any CPU.ActiveCfg = Release|Any CPU
		{ED4A8325-EFC7-43AD-A239-D5E90F067FB4}.Release|Any CPU.Build.0 = Release|Any CPU
	EndGlobalSection
	GlobalSection(SolutionProperties) = preSolution
		HideSolutionNode = FALSE
	EndGlobalSection
	GlobalSection(NestedProjects) = preSolution
		{4C0C6C61-AB7C-40D1-8CAE-FC25456327D5} = {26D7AD09-D21E-40A8-BC73-6835E9ED8AA1}
		{ED4A8325-EFC7-43AD-A239-D5E90F067FB4} = {26D7AD09-D21E-40A8-BC73-6835E9ED8AA1}
	EndGlobalSection
EndGlobal
